
Microsoft Visual Studio Solution File, Format Version 12.00
# Visual Studio Version 16
VisualStudioVersion = 16.0.30320.27
MinimumVisualStudioVersion = 10.0.40219.1
Project("{9A19103F-16F7-4668-BE54-9A1E7A4F7556}") = "RealApplication", "RealApplication.csproj", "{4A0EB873-E0C1-461F-9767-31F944E3762C}"
EndProject
Project("{9A19103F-16F7-4668-BE54-9A1E7A4F7556}") = "RealApplication.Tests", "..\RealApplication.Tests\RealApplication.Tests.csproj", "{3B99CFF1-D9AC-41B9-8D34-3941CB8D0F77}"
EndProject
Global
	GlobalSection(SolutionConfigurationPlatforms) = preSolution
		Debug|Any CPU = Debug|Any CPU
		Release|Any CPU = Release|Any CPU
	EndGlobalSection
	GlobalSection(ProjectConfigurationPlatforms) = postSolution
		{4A0EB873-E0C1-461F-9767-31F944E3762C}.Debug|Any CPU.ActiveCfg = Debug|Any CPU
		{4A0EB873-E0C1-461F-9767-31F944E3762C}.Debug|Any CPU.Build.0 = Debug|Any CPU
		{4A0EB873-E0C1-461F-9767-31F944E3762C}.Release|Any CPU.ActiveCfg = Release|Any CPU
		{4A0EB873-E0C1-461F-9767-31F944E3762C}.Release|Any CPU.Build.0 = Release|Any CPU
		{3B99CFF1-D9AC-41B9-8D34-3941CB8D0F77}.Debug|Any CPU.ActiveCfg = Debug|Any CPU
		{3B99CFF1-D9AC-41B9-8D34-3941CB8D0F77}.Debug|Any CPU.Build.0 = Debug|Any CPU
		{3B99CFF1-D9AC-41B9-8D34-3941CB8D0F77}.Release|Any CPU.ActiveCfg = Release|Any CPU
		{3B99CFF1-D9AC-41B9-8D34-3941CB8D0F77}.Release|Any CPU.Build.0 = Release|Any CPU
	EndGlobalSection
	GlobalSection(SolutionProperties) = preSolution
		HideSolutionNode = FALSE
	EndGlobalSection
	GlobalSection(ExtensibilityGlobals) = postSolution
		SolutionGuid = {4DD33646-56E4-42A9-A796-DF4AF559D218}
	EndGlobalSection
EndGlobal
