{
  "requires": true,
  "lockfileVersion": 1,
  "dependencies": {
    "@ng-select/ng-select": {
      "version": "5.0.15",
      "resolved": "https://registry.npmjs.org/@ng-select/ng-select/-/ng-select-5.0.15.tgz",
      "integrity": "sha512-cPs4QGBjkWVli2Gz5e0STRBSTdiVh2VHw+jwGEqLPRdVTSab4LT3QRoN1PIKOSE8sy2h7IiEcxBGjC48hyRWKg==",
      "requires": {
        "tslib": "^2.0.0"
      },
      "dependencies": {
        "tslib": {
          "version": "2.1.0",
          "resolved": "https://registry.npmjs.org/tslib/-/tslib-2.1.0.tgz",
          "integrity": "sha512-hcVC3wYEziELGGmEEXue7D75zbwIIVUMWAVbHItGPx0ziyXxrOMQx4rQEVEV45Ut/1IotuEvwqPopzIOkDMf0A=="
        }
      }
    },
    "@types/chart.js": {
      "version": "2.9.29",
      "resolved": "https://registry.npmjs.org/@types/chart.js/-/chart.js-2.9.29.tgz",
      "integrity": "sha512-WOZMitUU3gHDM0oQsCsVivX+oDsIki93szcTmmUPBm39cCvAELBjokjSDVOoA3xiIEbb+jp17z/3S2tIqruwOQ==",
      "requires": {
        "moment": "^2.10.2"
      }
    },
    "lodash-es": {
      "version": "4.17.20",
      "resolved": "https://registry.npmjs.org/lodash-es/-/lodash-es-4.17.20.tgz",
      "integrity": "sha512-JD1COMZsq8maT6mnuz1UMV0jvYD0E0aUsSOdrr1/nAG3dhqQXwRRgeW0cSqH1U43INKcqxaiVIQNOUDld7gRDA=="
    },
    "moment": {
      "version": "2.29.1",
      "resolved": "https://registry.npmjs.org/moment/-/moment-2.29.1.tgz",
      "integrity": "sha512-kHmoybcPV8Sqy59DwNDY3Jefr64lK/by/da0ViFcuA4DH0vQg5Q6Ze5VimxkfQNSC+Mls/Kx53s7TjP1RhFEDQ=="
    },
    "ng2-charts": {
      "version": "2.4.2",
      "resolved": "https://registry.npmjs.org/ng2-charts/-/ng2-charts-2.4.2.tgz",
      "integrity": "sha512-mY3C2uKCaApHCQizS2YxEOqQ7sSZZLxdV6N1uM9u/VvUgVtYvlPtdcXbKpN52ak93ZE22I73DiLWVDnDNG4/AQ==",
      "requires": {
        "@types/chart.js": "^2.9.24",
        "lodash-es": "^4.17.15",
        "tslib": "^2.0.0"
      },
      "dependencies": {
        "tslib": {
          "version": "2.1.0",
          "resolved": "https://registry.npmjs.org/tslib/-/tslib-2.1.0.tgz",
          "integrity": "sha512-hcVC3wYEziELGGmEEXue7D75zbwIIVUMWAVbHItGPx0ziyXxrOMQx4rQEVEV45Ut/1IotuEvwqPopzIOkDMf0A=="
        }
      }
    },
    "ngx-image-cropper": {
      "version": "3.3.1",
      "resolved": "https://registry.npmjs.org/ngx-image-cropper/-/ngx-image-cropper-3.3.1.tgz",
      "integrity": "sha512-nCdrA9/p2POMWeUihU/ENmYxNaLZtVovMRGtJnwtaDAJaKWy10enx38cSkbZfe0bzfl8c1cUtZFqPekN2Ov7cQ==",
      "requires": {
        "tslib": "^1.9.0"
      }
    },
    "tslib": {
      "version": "1.14.1",
      "resolved": "https://registry.npmjs.org/tslib/-/tslib-1.14.1.tgz",
      "integrity": "sha512-Xni35NKzjgMrwevysHTCArtLDpPvye8zV/0E4EyYn43P7/7qvQwPh9BGkHewbMulVntbigmcT7rdX3BNo9wRJg=="
    },
    "typescript": {
      "version": "3.1.6",
      "resolved": "https://registry.npmjs.org/typescript/-/typescript-3.1.6.tgz",
      "integrity": "sha512-tDMYfVtvpb96msS1lDX9MEdHrW4yOuZ4Kdc4Him9oU796XldPYF/t2+uKoX0BBa0hXXwDlqYQbXY5Rzjzc5hBA=="
    }
  }
}
